
Microsoft Visual Studio Solution File, Format Version 12.00
# Visual Studio Version 16
VisualStudioVersion = 16.0.33214.272
MinimumVisualStudioVersion = 10.0.40219.1
Project("{9A19103F-16F7-4668-BE54-9A1E7A4F7556}") = "ПалиНдроМ", "ПалиНдроМ\ПалиНдроМ.csproj", "{11A387AF-E1D8-404A-B3C1-E0A78924820C}"
EndProject
Project("{FAE04EC0-301F-11D3-BF4B-00C04F79EFBC}") = "MAX", "MAX\MAX.csproj", "{FF4EA124-C3B3-4E7E-996F-300899958161}"
EndProject
Global
	GlobalSection(SolutionConfigurationPlatforms) = preSolution
		Debug|Any CPU = Debug|Any CPU
		Release|Any CPU = Release|Any CPU
	EndGlobalSection
	GlobalSection(ProjectConfigurationPlatforms) = postSolution
		{11A387AF-E1D8-404A-B3C1-E0A78924820C}.Debug|Any CPU.ActiveCfg = Debug|Any CPU
		{11A387AF-E1D8-404A-B3C1-E0A78924820C}.Debug|Any CPU.Build.0 = Debug|Any CPU
		{11A387AF-E1D8-404A-B3C1-E0A78924820C}.Release|Any CPU.ActiveCfg = Release|Any CPU
		{11A387AF-E1D8-404A-B3C1-E0A78924820C}.Release|Any CPU.Build.0 = Release|Any CPU
		{FF4EA124-C3B3-4E7E-996F-300899958161}.Debug|Any CPU.ActiveCfg = Debug|Any CPU
		{FF4EA124-C3B3-4E7E-996F-300899958161}.Debug|Any CPU.Build.0 = Debug|Any CPU
		{FF4EA124-C3B3-4E7E-996F-300899958161}.Release|Any CPU.ActiveCfg = Release|Any CPU
		{FF4EA124-C3B3-4E7E-996F-300899958161}.Release|Any CPU.Build.0 = Release|Any CPU
	EndGlobalSection
	GlobalSection(SolutionProperties) = preSolution
		HideSolutionNode = FALSE
	EndGlobalSection
	GlobalSection(ExtensibilityGlobals) = postSolution
		SolutionGuid = {09733378-E780-4FBD-A2FE-0383BC9167E4}
	EndGlobalSection
EndGlobal
